# This file was autogenerated by uv via the following command:
#    uv pip compile requirements.txt -o requirements.lock
attrs==25.1.0
    # via
    #   jsonschema
    #   referencing
blinker==1.9.0
    # via flask
certifi==2025.1.31
    # via requests
cffi==1.17.1
    # via cryptography
charset-normalizer==3.4.1
    # via requests
click==8.1.8
    # via flask
cryptography==44.0.0
    # via -r requirements.txt
flasgger==0.9.7.1
    # via -r requirements.txt
flask==3.1.0
    # via
    #   -r requirements.txt
    #   flasgger
    #   flask-cors
flask-cors==5.0.0
    # via -r requirements.txt
greenlet==3.1.1
    # via sqlalchemy
gunicorn==23.0.0
    # via -r requirements.txt
idna==3.10
    # via requests
itsdangerous==2.2.0
    # via flask
jinja2==3.1.5
    # via flask
jsonschema==4.23.0
    # via flasgger
jsonschema-specifications==2024.10.1
    # via jsonschema
markupsafe==3.0.2
    # via
    #   jinja2
    #   werkzeug
mistune==3.1.1
    # via flasgger
packaging==24.2
    # via
    #   flasgger
    #   gunicorn
pycparser==2.22
    # via cffi
pyjwt==2.10.1
    # via -r requirements.txt
pymysql==1.1.1
    # via -r requirements.txt
pyyaml==6.0.2
    # via
    #   -r requirements.txt
    #   flasgger
referencing==0.36.2
    # via
    #   jsonschema
    #   jsonschema-specifications
requests==2.32.3
    # via -r requirements.txt
rpds-py==0.22.3
    # via
    #   jsonschema
    #   referencing
six==1.17.0
    # via flasgger
sqlalchemy==2.0.38
    # via -r requirements.txt
typing-extensions==4.12.2
    # via
    #   referencing
    #   sqlalchemy
urllib3==2.3.0
    # via requests
werkzeug==3.1.3
    # via
    #   -r requirements.txt
    #   flask
